
Microsoft Visual Studio Solution File, Format Version 12.00
# Visual Studio 14
VisualStudioVersion = 14.0.25123.0
MinimumVisualStudioVersion = 10.0.40219.1
Project("{2150E333-8FDC-42A3-9474-1A3956D46DE8}") = "src", "src", "{23066709-05E8-4E17-B591-C61630503D31}"
EndProject
Project("{2150E333-8FDC-42A3-9474-1A3956D46DE8}") = "Solution Items", "Solution Items", "{83963DCF-CDB1-4384-AEE7-7C234761E696}"
	ProjectSection(SolutionItems) = preProject
		global.json = global.json
	EndProjectSection
EndProject
Project("{8BB2217D-0F2D-49D1-97BC-3654ED321F3B}") = "CodeRetreat", "src\CodeRetreat\CodeRetreat.xproj", "{39E672D1-208E-4501-8A3F-8C9AF2C6ADDB}"
EndProject
Project("{2150E333-8FDC-42A3-9474-1A3956D46DE8}") = "test", "test", "{3956265F-9187-44D2-A7F4-BCF2495D5A4C}"
EndProject
Project("{8BB2217D-0F2D-49D1-97BC-3654ED321F3B}") = "CodeRetreat.Tests", "test\CodeRetreat.Tests\CodeRetreat.Tests.xproj", "{6703EF88-5193-4897-AC00-724434752E48}"
EndProject
Global
	GlobalSection(SolutionConfigurationPlatforms) = preSolution
		Debug|Any CPU = Debug|Any CPU
		Release|Any CPU = Release|Any CPU
	EndGlobalSection
	GlobalSection(ProjectConfigurationPlatforms) = postSolution
		{39E672D1-208E-4501-8A3F-8C9AF2C6ADDB}.Debug|Any CPU.ActiveCfg = Debug|Any CPU
		{39E672D1-208E-4501-8A3F-8C9AF2C6ADDB}.Debug|Any CPU.Build.0 = Debug|Any CPU
		{39E672D1-208E-4501-8A3F-8C9AF2C6ADDB}.Release|Any CPU.ActiveCfg = Release|Any CPU
		{39E672D1-208E-4501-8A3F-8C9AF2C6ADDB}.Release|Any CPU.Build.0 = Release|Any CPU
		{6703EF88-5193-4897-AC00-724434752E48}.Debug|Any CPU.ActiveCfg = Debug|Any CPU
		{6703EF88-5193-4897-AC00-724434752E48}.Debug|Any CPU.Build.0 = Debug|Any CPU
		{6703EF88-5193-4897-AC00-724434752E48}.Release|Any CPU.ActiveCfg = Release|Any CPU
		{6703EF88-5193-4897-AC00-724434752E48}.Release|Any CPU.Build.0 = Release|Any CPU
	EndGlobalSection
	GlobalSection(SolutionProperties) = preSolution
		HideSolutionNode = FALSE
	EndGlobalSection
	GlobalSection(NestedProjects) = preSolution
		{39E672D1-208E-4501-8A3F-8C9AF2C6ADDB} = {23066709-05E8-4E17-B591-C61630503D31}
		{6703EF88-5193-4897-AC00-724434752E48} = {3956265F-9187-44D2-A7F4-BCF2495D5A4C}
	EndGlobalSection
EndGlobal
